
Microsoft Visual Studio Solution File, Format Version 12.00
# Visual Studio Version 17
VisualStudioVersion = 17.14.36811.4 d17.14
MinimumVisualStudioVersion = 10.0.40219.1
Project("{FAE04EC0-301F-11D3-BF4B-00C04F79EFBC}") = "ALA_ImageReduction", "ALA_ImageReduction\ALA_ImageReduction.csproj", "{1FBAF25B-8007-4E83-8ACC-08C870D1B1B0}"
EndProject
Global
	GlobalSection(SolutionConfigurationPlatforms) = preSolution
		Debug|Any CPU = Debug|Any CPU
		Release|Any CPU = Release|Any CPU
	EndGlobalSection
	GlobalSection(ProjectConfigurationPlatforms) = postSolution
		{1FBAF25B-8007-4E83-8ACC-08C870D1B1B0}.Debug|Any CPU.ActiveCfg = Debug|Any CPU
		{1FBAF25B-8007-4E83-8ACC-08C870D1B1B0}.Debug|Any CPU.Build.0 = Debug|Any CPU
		{1FBAF25B-8007-4E83-8ACC-08C870D1B1B0}.Release|Any CPU.ActiveCfg = Release|Any CPU
		{1FBAF25B-8007-4E83-8ACC-08C870D1B1B0}.Release|Any CPU.Build.0 = Release|Any CPU
	EndGlobalSection
	GlobalSection(SolutionProperties) = preSolution
		HideSolutionNode = FALSE
	EndGlobalSection
	GlobalSection(ExtensibilityGlobals) = postSolution
		SolutionGuid = {C9098F64-E59B-4563-93C8-A4D240F55A4C}
	EndGlobalSection
EndGlobal
